
Microsoft Visual Studio Solution File, Format Version 12.00
# Visual Studio 15
VisualStudioVersion = 15.0.28307.1000
MinimumVisualStudioVersion = 10.0.40219.1
Project("{FAE04EC0-301F-11D3-BF4B-00C04F79EFBC}") = "ShoppingApp.Droid", "Droid\ShoppingApp.Droid.csproj", "{B3BAF420-D774-4088-82EA-0D5DB78C3411}"
	ProjectSection(ProjectDependencies) = postProject
		{E833AAAF-E375-41B5-B1AF-A16188AED5B0} = {E833AAAF-E375-41B5-B1AF-A16188AED5B0}
		{D3CD62C8-91A6-4837-9AC2-2A1D56A86F6A} = {D3CD62C8-91A6-4837-9AC2-2A1D56A86F6A}
	EndProjectSection
EndProject
Project("{FAE04EC0-301F-11D3-BF4B-00C04F79EFBC}") = "ShoppingApp.iOS", "iOS\ShoppingApp.iOS.csproj", "{78E3F182-6F0C-4DDF-890C-9055A89992E5}"
EndProject
Project("{FAE04EC0-301F-11D3-BF4B-00C04F79EFBC}") = "Core", "Platform\Libraries\Core\Core.csproj", "{F8F721A1-6770-45A1-B6DD-DAD20A212242}"
EndProject
Project("{FAE04EC0-301F-11D3-BF4B-00C04F79EFBC}") = "Data.Entities", "Platform\Libraries\Data.Entities\Data.Entities.csproj", "{4FC5AE43-DE88-40CE-BE44-2D93B537379F}"
EndProject
Project("{FAE04EC0-301F-11D3-BF4B-00C04F79EFBC}") = "Data.Services", "Platform\Libraries\Data.Services\Data.Services.csproj", "{0A7DB8F1-BE1D-47D4-A1B6-07D1675DAC42}"
EndProject
Project("{FAE04EC0-301F-11D3-BF4B-00C04F79EFBC}") = "Data.Services.RetailServer", "Platform\Libraries\Data.Services.RetailServer\Data.Services.RetailServer.csproj", "{D3CD62C8-91A6-4837-9AC2-2A1D56A86F6A}"
EndProject
Project("{FAE04EC0-301F-11D3-BF4B-00C04F79EFBC}") = "ShoppingApp.View", "Platform\Libraries\View\ShoppingApp.View.csproj", "{E833AAAF-E375-41B5-B1AF-A16188AED5B0}"
	ProjectSection(ProjectDependencies) = postProject
		{D3CD62C8-91A6-4837-9AC2-2A1D56A86F6A} = {D3CD62C8-91A6-4837-9AC2-2A1D56A86F6A}
		{0A7DB8F1-BE1D-47D4-A1B6-07D1675DAC42} = {0A7DB8F1-BE1D-47D4-A1B6-07D1675DAC42}
	EndProjectSection
EndProject
Project("{FAE04EC0-301F-11D3-BF4B-00C04F79EFBC}") = "ShoppingApp.ViewModel", "Platform\Libraries\ViewModel\ShoppingApp.ViewModel.csproj", "{6D5C5D99-69CE-496C-870A-EA2976798BA4}"
EndProject
Project("{FAE04EC0-301F-11D3-BF4B-00C04F79EFBC}") = "ShoppingApp.ViewModel.FunctionalTests", "Platform\Libraries\ViewModel.FunctionalTests\ShoppingApp.ViewModel.FunctionalTests.csproj", "{D5D2FB73-2AA0-484B-A65C-D45978D88A5B}"
EndProject
Project("{FAE04EC0-301F-11D3-BF4B-00C04F79EFBC}") = "ShoppingApp.Lib.Droid", "Platform\Libraries\Droid\ShoppingApp.Lib.Droid.csproj", "{547F7DE0-D711-4B92-BD9A-55A0E1B9085B}"
	ProjectSection(ProjectDependencies) = postProject
		{4FC5AE43-DE88-40CE-BE44-2D93B537379F} = {4FC5AE43-DE88-40CE-BE44-2D93B537379F}
		{6D5C5D99-69CE-496C-870A-EA2976798BA4} = {6D5C5D99-69CE-496C-870A-EA2976798BA4}
		{D3CD62C8-91A6-4837-9AC2-2A1D56A86F6A} = {D3CD62C8-91A6-4837-9AC2-2A1D56A86F6A}
		{0A7DB8F1-BE1D-47D4-A1B6-07D1675DAC42} = {0A7DB8F1-BE1D-47D4-A1B6-07D1675DAC42}
	EndProjectSection
EndProject
Project("{FAE04EC0-301F-11D3-BF4B-00C04F79EFBC}") = "ShoppingApp.Lib.iOS", "Platform\Libraries\iOS\ShoppingApp.Lib.iOS.csproj", "{16491307-989D-427A-A18A-004DEBFAF84C}"
EndProject
Project("{2150E333-8FDC-42A3-9474-1A3956D46DE8}") = "Library", "Library", "{13148710-857F-48BD-AE5E-203FFBBD4ACA}"
EndProject
Global
	GlobalSection(SolutionConfigurationPlatforms) = preSolution
		Ad-Hoc|Any CPU = Ad-Hoc|Any CPU
		Ad-Hoc|iPhone = Ad-Hoc|iPhone
		Ad-Hoc|iPhoneSimulator = Ad-Hoc|iPhoneSimulator
		AppStore|Any CPU = AppStore|Any CPU
		AppStore|iPhone = AppStore|iPhone
		AppStore|iPhoneSimulator = AppStore|iPhoneSimulator
		Debug|Any CPU = Debug|Any CPU
		Debug|iPhone = Debug|iPhone
		Debug|iPhoneSimulator = Debug|iPhoneSimulator
		Release|Any CPU = Release|Any CPU
		Release|iPhone = Release|iPhone
		Release|iPhoneSimulator = Release|iPhoneSimulator
	EndGlobalSection
	GlobalSection(ProjectConfigurationPlatforms) = postSolution
		{B3BAF420-D774-4088-82EA-0D5DB78C3411}.Ad-Hoc|Any CPU.ActiveCfg = Release|Any CPU
		{B3BAF420-D774-4088-82EA-0D5DB78C3411}.Ad-Hoc|Any CPU.Build.0 = Release|Any CPU
		{B3BAF420-D774-4088-82EA-0D5DB78C3411}.Ad-Hoc|Any CPU.Deploy.0 = Release|Any CPU
		{B3BAF420-D774-4088-82EA-0D5DB78C3411}.Ad-Hoc|iPhone.ActiveCfg = Release|Any CPU
		{B3BAF420-D774-4088-82EA-0D5DB78C3411}.Ad-Hoc|iPhone.Build.0 = Release|Any CPU
		{B3BAF420-D774-4088-82EA-0D5DB78C3411}.Ad-Hoc|iPhone.Deploy.0 = Release|Any CPU
		{B3BAF420-D774-4088-82EA-0D5DB78C3411}.Ad-Hoc|iPhoneSimulator.ActiveCfg = Release|Any CPU
		{B3BAF420-D774-4088-82EA-0D5DB78C3411}.Ad-Hoc|iPhoneSimulator.Build.0 = Release|Any CPU
		{B3BAF420-D774-4088-82EA-0D5DB78C3411}.Ad-Hoc|iPhoneSimulator.Deploy.0 = Release|Any CPU
		{B3BAF420-D774-4088-82EA-0D5DB78C3411}.AppStore|Any CPU.ActiveCfg = Release|Any CPU
		{B3BAF420-D774-4088-82EA-0D5DB78C3411}.AppStore|Any CPU.Build.0 = Release|Any CPU
		{B3BAF420-D774-4088-82EA-0D5DB78C3411}.AppStore|Any CPU.Deploy.0 = Release|Any CPU
		{B3BAF420-D774-4088-82EA-0D5DB78C3411}.AppStore|iPhone.ActiveCfg = Release|Any CPU
		{B3BAF420-D774-4088-82EA-0D5DB78C3411}.AppStore|iPhone.Build.0 = Release|Any CPU
		{B3BAF420-D774-4088-82EA-0D5DB78C3411}.AppStore|iPhone.Deploy.0 = Release|Any CPU
		{B3BAF420-D774-4088-82EA-0D5DB78C3411}.AppStore|iPhoneSimulator.ActiveCfg = Release|Any CPU
		{B3BAF420-D774-4088-82EA-0D5DB78C3411}.AppStore|iPhoneSimulator.Build.0 = Release|Any CPU
		{B3BAF420-D774-4088-82EA-0D5DB78C3411}.AppStore|iPhoneSimulator.Deploy.0 = Release|Any CPU
		{B3BAF420-D774-4088-82EA-0D5DB78C3411}.Debug|Any CPU.ActiveCfg = Debug|Any CPU
		{B3BAF420-D774-4088-82EA-0D5DB78C3411}.Debug|Any CPU.Build.0 = Debug|Any CPU
		{B3BAF420-D774-4088-82EA-0D5DB78C3411}.Debug|Any CPU.Deploy.0 = Debug|Any CPU
		{B3BAF420-D774-4088-82EA-0D5DB78C3411}.Debug|iPhone.ActiveCfg = Debug|Any CPU
		{B3BAF420-D774-4088-82EA-0D5DB78C3411}.Debug|iPhone.Build.0 = Debug|Any CPU
		{B3BAF420-D774-4088-82EA-0D5DB78C3411}.Debug|iPhone.Deploy.0 = Debug|Any CPU
		{B3BAF420-D774-4088-82EA-0D5DB78C3411}.Debug|iPhoneSimulator.ActiveCfg = Debug|Any CPU
		{B3BAF420-D774-4088-82EA-0D5DB78C3411}.Debug|iPhoneSimulator.Build.0 = Debug|Any CPU
		{B3BAF420-D774-4088-82EA-0D5DB78C3411}.Debug|iPhoneSimulator.Deploy.0 = Debug|Any CPU
		{B3BAF420-D774-4088-82EA-0D5DB78C3411}.Release|Any CPU.ActiveCfg = Release|Any CPU
		{B3BAF420-D774-4088-82EA-0D5DB78C3411}.Release|Any CPU.Build.0 = Release|Any CPU
		{B3BAF420-D774-4088-82EA-0D5DB78C3411}.Release|Any CPU.Deploy.0 = Release|Any CPU
		{B3BAF420-D774-4088-82EA-0D5DB78C3411}.Release|iPhone.ActiveCfg = Release|Any CPU
		{B3BAF420-D774-4088-82EA-0D5DB78C3411}.Release|iPhone.Build.0 = Release|Any CPU
		{B3BAF420-D774-4088-82EA-0D5DB78C3411}.Release|iPhone.Deploy.0 = Release|Any CPU
		{B3BAF420-D774-4088-82EA-0D5DB78C3411}.Release|iPhoneSimulator.ActiveCfg = Release|Any CPU
		{B3BAF420-D774-4088-82EA-0D5DB78C3411}.Release|iPhoneSimulator.Build.0 = Release|Any CPU
		{B3BAF420-D774-4088-82EA-0D5DB78C3411}.Release|iPhoneSimulator.Deploy.0 = Release|Any CPU
		{78E3F182-6F0C-4DDF-890C-9055A89992E5}.Ad-Hoc|Any CPU.ActiveCfg = Ad-Hoc|Any CPU
		{78E3F182-6F0C-4DDF-890C-9055A89992E5}.Ad-Hoc|Any CPU.Build.0 = Ad-Hoc|Any CPU
		{78E3F182-6F0C-4DDF-890C-9055A89992E5}.Ad-Hoc|iPhone.ActiveCfg = Ad-Hoc|iPhone
		{78E3F182-6F0C-4DDF-890C-9055A89992E5}.Ad-Hoc|iPhone.Build.0 = Ad-Hoc|iPhone
		{78E3F182-6F0C-4DDF-890C-9055A89992E5}.Ad-Hoc|iPhoneSimulator.ActiveCfg = Ad-Hoc|iPhoneSimulator
		{78E3F182-6F0C-4DDF-890C-9055A89992E5}.Ad-Hoc|iPhoneSimulator.Build.0 = Ad-Hoc|iPhoneSimulator
		{78E3F182-6F0C-4DDF-890C-9055A89992E5}.AppStore|Any CPU.ActiveCfg = AppStore|Any CPU
		{78E3F182-6F0C-4DDF-890C-9055A89992E5}.AppStore|Any CPU.Build.0 = AppStore|Any CPU
		{78E3F182-6F0C-4DDF-890C-9055A89992E5}.AppStore|iPhone.ActiveCfg = AppStore|iPhone
		{78E3F182-6F0C-4DDF-890C-9055A89992E5}.AppStore|iPhone.Build.0 = AppStore|iPhone
		{78E3F182-6F0C-4DDF-890C-9055A89992E5}.AppStore|iPhoneSimulator.ActiveCfg = AppStore|iPhoneSimulator
		{78E3F182-6F0C-4DDF-890C-9055A89992E5}.AppStore|iPhoneSimulator.Build.0 = AppStore|iPhoneSimulator
		{78E3F182-6F0C-4DDF-890C-9055A89992E5}.Debug|Any CPU.ActiveCfg = Debug|Any CPU
		{78E3F182-6F0C-4DDF-890C-9055A89992E5}.Debug|Any CPU.Build.0 = Debug|Any CPU
		{78E3F182-6F0C-4DDF-890C-9055A89992E5}.Debug|iPhone.ActiveCfg = Debug|iPhone
		{78E3F182-6F0C-4DDF-890C-9055A89992E5}.Debug|iPhone.Build.0 = Debug|iPhone
		{78E3F182-6F0C-4DDF-890C-9055A89992E5}.Debug|iPhoneSimulator.ActiveCfg = Debug|iPhoneSimulator
		{78E3F182-6F0C-4DDF-890C-9055A89992E5}.Debug|iPhoneSimulator.Build.0 = Debug|iPhoneSimulator
		{78E3F182-6F0C-4DDF-890C-9055A89992E5}.Release|Any CPU.ActiveCfg = Release|Any CPU
		{78E3F182-6F0C-4DDF-890C-9055A89992E5}.Release|Any CPU.Build.0 = Release|Any CPU
		{78E3F182-6F0C-4DDF-890C-9055A89992E5}.Release|iPhone.ActiveCfg = Release|iPhone
		{78E3F182-6F0C-4DDF-890C-9055A89992E5}.Release|iPhone.Build.0 = Release|iPhone
		{78E3F182-6F0C-4DDF-890C-9055A89992E5}.Release|iPhoneSimulator.ActiveCfg = Release|iPhoneSimulator
		{78E3F182-6F0C-4DDF-890C-9055A89992E5}.Release|iPhoneSimulator.Build.0 = Release|iPhoneSimulator
		{F8F721A1-6770-45A1-B6DD-DAD20A212242}.Ad-Hoc|Any CPU.ActiveCfg = Release|Any CPU
		{F8F721A1-6770-45A1-B6DD-DAD20A212242}.Ad-Hoc|Any CPU.Build.0 = Release|Any CPU
		{F8F721A1-6770-45A1-B6DD-DAD20A212242}.Ad-Hoc|iPhone.ActiveCfg = Release|Any CPU
		{F8F721A1-6770-45A1-B6DD-DAD20A212242}.Ad-Hoc|iPhone.Build.0 = Release|Any CPU
		{F8F721A1-6770-45A1-B6DD-DAD20A212242}.Ad-Hoc|iPhoneSimulator.ActiveCfg = Release|Any CPU
		{F8F721A1-6770-45A1-B6DD-DAD20A212242}.Ad-Hoc|iPhoneSimulator.Build.0 = Release|Any CPU
		{F8F721A1-6770-45A1-B6DD-DAD20A212242}.AppStore|Any CPU.ActiveCfg = Release|Any CPU
		{F8F721A1-6770-45A1-B6DD-DAD20A212242}.AppStore|Any CPU.Build.0 = Release|Any CPU
		{F8F721A1-6770-45A1-B6DD-DAD20A212242}.AppStore|iPhone.ActiveCfg = Release|Any CPU
		{F8F721A1-6770-45A1-B6DD-DAD20A212242}.AppStore|iPhone.Build.0 = Release|Any CPU
		{F8F721A1-6770-45A1-B6DD-DAD20A212242}.AppStore|iPhoneSimulator.ActiveCfg = Release|Any CPU
		{F8F721A1-6770-45A1-B6DD-DAD20A212242}.AppStore|iPhoneSimulator.Build.0 = Release|Any CPU
		{F8F721A1-6770-45A1-B6DD-DAD20A212242}.Debug|Any CPU.ActiveCfg = Debug|Any CPU
		{F8F721A1-6770-45A1-B6DD-DAD20A212242}.Debug|Any CPU.Build.0 = Debug|Any CPU
		{F8F721A1-6770-45A1-B6DD-DAD20A212242}.Debug|iPhone.ActiveCfg = Debug|Any CPU
		{F8F721A1-6770-45A1-B6DD-DAD20A212242}.Debug|iPhone.Build.0 = Debug|Any CPU
		{F8F721A1-6770-45A1-B6DD-DAD20A212242}.Debug|iPhoneSimulator.ActiveCfg = Debug|Any CPU
		{F8F721A1-6770-45A1-B6DD-DAD20A212242}.Debug|iPhoneSimulator.Build.0 = Debug|Any CPU
		{F8F721A1-6770-45A1-B6DD-DAD20A212242}.Release|Any CPU.ActiveCfg = Release|Any CPU
		{F8F721A1-6770-45A1-B6DD-DAD20A212242}.Release|Any CPU.Build.0 = Release|Any CPU
		{F8F721A1-6770-45A1-B6DD-DAD20A212242}.Release|iPhone.ActiveCfg = Release|Any CPU
		{F8F721A1-6770-45A1-B6DD-DAD20A212242}.Release|iPhone.Build.0 = Release|Any CPU
		{F8F721A1-6770-45A1-B6DD-DAD20A212242}.Release|iPhoneSimulator.ActiveCfg = Release|Any CPU
		{F8F721A1-6770-45A1-B6DD-DAD20A212242}.Release|iPhoneSimulator.Build.0 = Release|Any CPU
		{4FC5AE43-DE88-40CE-BE44-2D93B537379F}.Ad-Hoc|Any CPU.ActiveCfg = Release|Any CPU
		{4FC5AE43-DE88-40CE-BE44-2D93B537379F}.Ad-Hoc|Any CPU.Build.0 = Release|Any CPU
		{4FC5AE43-DE88-40CE-BE44-2D93B537379F}.Ad-Hoc|iPhone.ActiveCfg = Release|Any CPU
		{4FC5AE43-DE88-40CE-BE44-2D93B537379F}.Ad-Hoc|iPhone.Build.0 = Release|Any CPU
		{4FC5AE43-DE88-40CE-BE44-2D93B537379F}.Ad-Hoc|iPhoneSimulator.ActiveCfg = Release|Any CPU
		{4FC5AE43-DE88-40CE-BE44-2D93B537379F}.Ad-Hoc|iPhoneSimulator.Build.0 = Release|Any CPU
		{4FC5AE43-DE88-40CE-BE44-2D93B537379F}.AppStore|Any CPU.ActiveCfg = Release|Any CPU
		{4FC5AE43-DE88-40CE-BE44-2D93B537379F}.AppStore|Any CPU.Build.0 = Release|Any CPU
		{4FC5AE43-DE88-40CE-BE44-2D93B537379F}.AppStore|iPhone.ActiveCfg = Release|Any CPU
		{4FC5AE43-DE88-40CE-BE44-2D93B537379F}.AppStore|iPhone.Build.0 = Release|Any CPU
		{4FC5AE43-DE88-40CE-BE44-2D93B537379F}.AppStore|iPhoneSimulator.ActiveCfg = Release|Any CPU
		{4FC5AE43-DE88-40CE-BE44-2D93B537379F}.AppStore|iPhoneSimulator.Build.0 = Release|Any CPU
		{4FC5AE43-DE88-40CE-BE44-2D93B537379F}.Debug|Any CPU.ActiveCfg = Debug|Any CPU
		{4FC5AE43-DE88-40CE-BE44-2D93B537379F}.Debug|Any CPU.Build.0 = Debug|Any CPU
		{4FC5AE43-DE88-40CE-BE44-2D93B537379F}.Debug|iPhone.ActiveCfg = Debug|Any CPU
		{4FC5AE43-DE88-40CE-BE44-2D93B537379F}.Debug|iPhone.Build.0 = Debug|Any CPU
		{4FC5AE43-DE88-40CE-BE44-2D93B537379F}.Debug|iPhoneSimulator.ActiveCfg = Debug|Any CPU
		{4FC5AE43-DE88-40CE-BE44-2D93B537379F}.Debug|iPhoneSimulator.Build.0 = Debug|Any CPU
		{4FC5AE43-DE88-40CE-BE44-2D93B537379F}.Release|Any CPU.ActiveCfg = Release|Any CPU
		{4FC5AE43-DE88-40CE-BE44-2D93B537379F}.Release|Any CPU.Build.0 = Release|Any CPU
		{4FC5AE43-DE88-40CE-BE44-2D93B537379F}.Release|iPhone.ActiveCfg = Release|Any CPU
		{4FC5AE43-DE88-40CE-BE44-2D93B537379F}.Release|iPhone.Build.0 = Release|Any CPU
		{4FC5AE43-DE88-40CE-BE44-2D93B537379F}.Release|iPhoneSimulator.ActiveCfg = Release|Any CPU
		{4FC5AE43-DE88-40CE-BE44-2D93B537379F}.Release|iPhoneSimulator.Build.0 = Release|Any CPU
		{0A7DB8F1-BE1D-47D4-A1B6-07D1675DAC42}.Ad-Hoc|Any CPU.ActiveCfg = Release|Any CPU
		{0A7DB8F1-BE1D-47D4-A1B6-07D1675DAC42}.Ad-Hoc|Any CPU.Build.0 = Release|Any CPU
		{0A7DB8F1-BE1D-47D4-A1B6-07D1675DAC42}.Ad-Hoc|iPhone.ActiveCfg = Release|Any CPU
		{0A7DB8F1-BE1D-47D4-A1B6-07D1675DAC42}.Ad-Hoc|iPhone.Build.0 = Release|Any CPU
		{0A7DB8F1-BE1D-47D4-A1B6-07D1675DAC42}.Ad-Hoc|iPhoneSimulator.ActiveCfg = Release|Any CPU
		{0A7DB8F1-BE1D-47D4-A1B6-07D1675DAC42}.Ad-Hoc|iPhoneSimulator.Build.0 = Release|Any CPU
		{0A7DB8F1-BE1D-47D4-A1B6-07D1675DAC42}.AppStore|Any CPU.ActiveCfg = Release|Any CPU
		{0A7DB8F1-BE1D-47D4-A1B6-07D1675DAC42}.AppStore|Any CPU.Build.0 = Release|Any CPU
		{0A7DB8F1-BE1D-47D4-A1B6-07D1675DAC42}.AppStore|iPhone.ActiveCfg = Release|Any CPU
		{0A7DB8F1-BE1D-47D4-A1B6-07D1675DAC42}.AppStore|iPhone.Build.0 = Release|Any CPU
		{0A7DB8F1-BE1D-47D4-A1B6-07D1675DAC42}.AppStore|iPhoneSimulator.ActiveCfg = Release|Any CPU
		{0A7DB8F1-BE1D-47D4-A1B6-07D1675DAC42}.AppStore|iPhoneSimulator.Build.0 = Release|Any CPU
		{0A7DB8F1-BE1D-47D4-A1B6-07D1675DAC42}.Debug|Any CPU.ActiveCfg = Debug|Any CPU
		{0A7DB8F1-BE1D-47D4-A1B6-07D1675DAC42}.Debug|Any CPU.Build.0 = Debug|Any CPU
		{0A7DB8F1-BE1D-47D4-A1B6-07D1675DAC42}.Debug|iPhone.ActiveCfg = Debug|Any CPU
		{0A7DB8F1-BE1D-47D4-A1B6-07D1675DAC42}.Debug|iPhone.Build.0 = Debug|Any CPU
		{0A7DB8F1-BE1D-47D4-A1B6-07D1675DAC42}.Debug|iPhoneSimulator.ActiveCfg = Debug|Any CPU
		{0A7DB8F1-BE1D-47D4-A1B6-07D1675DAC42}.Debug|iPhoneSimulator.Build.0 = Debug|Any CPU
		{0A7DB8F1-BE1D-47D4-A1B6-07D1675DAC42}.Release|Any CPU.ActiveCfg = Release|Any CPU
		{0A7DB8F1-BE1D-47D4-A1B6-07D1675DAC42}.Release|Any CPU.Build.0 = Release|Any CPU
		{0A7DB8F1-BE1D-47D4-A1B6-07D1675DAC42}.Release|iPhone.ActiveCfg = Release|Any CPU
		{0A7DB8F1-BE1D-47D4-A1B6-07D1675DAC42}.Release|iPhone.Build.0 = Release|Any CPU
		{0A7DB8F1-BE1D-47D4-A1B6-07D1675DAC42}.Release|iPhoneSimulator.ActiveCfg = Release|Any CPU
		{0A7DB8F1-BE1D-47D4-A1B6-07D1675DAC42}.Release|iPhoneSimulator.Build.0 = Release|Any CPU
		{D3CD62C8-91A6-4837-9AC2-2A1D56A86F6A}.Ad-Hoc|Any CPU.ActiveCfg = Release|Any CPU
		{D3CD62C8-91A6-4837-9AC2-2A1D56A86F6A}.Ad-Hoc|Any CPU.Build.0 = Release|Any CPU
		{D3CD62C8-91A6-4837-9AC2-2A1D56A86F6A}.Ad-Hoc|iPhone.ActiveCfg = Release|Any CPU
		{D3CD62C8-91A6-4837-9AC2-2A1D56A86F6A}.Ad-Hoc|iPhone.Build.0 = Release|Any CPU
		{D3CD62C8-91A6-4837-9AC2-2A1D56A86F6A}.Ad-Hoc|iPhoneSimulator.ActiveCfg = Release|Any CPU
		{D3CD62C8-91A6-4837-9AC2-2A1D56A86F6A}.Ad-Hoc|iPhoneSimulator.Build.0 = Release|Any CPU
		{D3CD62C8-91A6-4837-9AC2-2A1D56A86F6A}.AppStore|Any CPU.ActiveCfg = Release|Any CPU
		{D3CD62C8-91A6-4837-9AC2-2A1D56A86F6A}.AppStore|Any CPU.Build.0 = Release|Any CPU
		{D3CD62C8-91A6-4837-9AC2-2A1D56A86F6A}.AppStore|iPhone.ActiveCfg = Release|Any CPU
		{D3CD62C8-91A6-4837-9AC2-2A1D56A86F6A}.AppStore|iPhone.Build.0 = Release|Any CPU
		{D3CD62C8-91A6-4837-9AC2-2A1D56A86F6A}.AppStore|iPhoneSimulator.ActiveCfg = Release|Any CPU
		{D3CD62C8-91A6-4837-9AC2-2A1D56A86F6A}.AppStore|iPhoneSimulator.Build.0 = Release|Any CPU
		{D3CD62C8-91A6-4837-9AC2-2A1D56A86F6A}.Debug|Any CPU.ActiveCfg = Debug|Any CPU
		{D3CD62C8-91A6-4837-9AC2-2A1D56A86F6A}.Debug|Any CPU.Build.0 = Debug|Any CPU
		{D3CD62C8-91A6-4837-9AC2-2A1D56A86F6A}.Debug|iPhone.ActiveCfg = Debug|Any CPU
		{D3CD62C8-91A6-4837-9AC2-2A1D56A86F6A}.Debug|iPhone.Build.0 = Debug|Any CPU
		{D3CD62C8-91A6-4837-9AC2-2A1D56A86F6A}.Debug|iPhoneSimulator.ActiveCfg = Debug|Any CPU
		{D3CD62C8-91A6-4837-9AC2-2A1D56A86F6A}.Debug|iPhoneSimulator.Build.0 = Debug|Any CPU
		{D3CD62C8-91A6-4837-9AC2-2A1D56A86F6A}.Release|Any CPU.ActiveCfg = Release|Any CPU
		{D3CD62C8-91A6-4837-9AC2-2A1D56A86F6A}.Release|Any CPU.Build.0 = Release|Any CPU
		{D3CD62C8-91A6-4837-9AC2-2A1D56A86F6A}.Release|iPhone.ActiveCfg = Release|Any CPU
		{D3CD62C8-91A6-4837-9AC2-2A1D56A86F6A}.Release|iPhone.Build.0 = Release|Any CPU
		{D3CD62C8-91A6-4837-9AC2-2A1D56A86F6A}.Release|iPhoneSimulator.ActiveCfg = Release|Any CPU
		{D3CD62C8-91A6-4837-9AC2-2A1D56A86F6A}.Release|iPhoneSimulator.Build.0 = Release|Any CPU
		{E833AAAF-E375-41B5-B1AF-A16188AED5B0}.Ad-Hoc|Any CPU.ActiveCfg = Release|Any CPU
		{E833AAAF-E375-41B5-B1AF-A16188AED5B0}.Ad-Hoc|Any CPU.Build.0 = Release|Any CPU
		{E833AAAF-E375-41B5-B1AF-A16188AED5B0}.Ad-Hoc|iPhone.ActiveCfg = Release|Any CPU
		{E833AAAF-E375-41B5-B1AF-A16188AED5B0}.Ad-Hoc|iPhone.Build.0 = Release|Any CPU
		{E833AAAF-E375-41B5-B1AF-A16188AED5B0}.Ad-Hoc|iPhoneSimulator.ActiveCfg = Release|Any CPU
		{E833AAAF-E375-41B5-B1AF-A16188AED5B0}.Ad-Hoc|iPhoneSimulator.Build.0 = Release|Any CPU
		{E833AAAF-E375-41B5-B1AF-A16188AED5B0}.AppStore|Any CPU.ActiveCfg = Release|Any CPU
		{E833AAAF-E375-41B5-B1AF-A16188AED5B0}.AppStore|Any CPU.Build.0 = Release|Any CPU
		{E833AAAF-E375-41B5-B1AF-A16188AED5B0}.AppStore|iPhone.ActiveCfg = Release|Any CPU
		{E833AAAF-E375-41B5-B1AF-A16188AED5B0}.AppStore|iPhone.Build.0 = Release|Any CPU
		{E833AAAF-E375-41B5-B1AF-A16188AED5B0}.AppStore|iPhoneSimulator.ActiveCfg = Release|Any CPU
		{E833AAAF-E375-41B5-B1AF-A16188AED5B0}.AppStore|iPhoneSimulator.Build.0 = Release|Any CPU
		{E833AAAF-E375-41B5-B1AF-A16188AED5B0}.Debug|Any CPU.ActiveCfg = Debug|Any CPU
		{E833AAAF-E375-41B5-B1AF-A16188AED5B0}.Debug|Any CPU.Build.0 = Debug|Any CPU
		{E833AAAF-E375-41B5-B1AF-A16188AED5B0}.Debug|iPhone.ActiveCfg = Debug|Any CPU
		{E833AAAF-E375-41B5-B1AF-A16188AED5B0}.Debug|iPhone.Build.0 = Debug|Any CPU
		{E833AAAF-E375-41B5-B1AF-A16188AED5B0}.Debug|iPhoneSimulator.ActiveCfg = Debug|Any CPU
		{E833AAAF-E375-41B5-B1AF-A16188AED5B0}.Debug|iPhoneSimulator.Build.0 = Debug|Any CPU
		{E833AAAF-E375-41B5-B1AF-A16188AED5B0}.Release|Any CPU.ActiveCfg = Release|Any CPU
		{E833AAAF-E375-41B5-B1AF-A16188AED5B0}.Release|Any CPU.Build.0 = Release|Any CPU
		{E833AAAF-E375-41B5-B1AF-A16188AED5B0}.Release|iPhone.ActiveCfg = Release|Any CPU
		{E833AAAF-E375-41B5-B1AF-A16188AED5B0}.Release|iPhone.Build.0 = Release|Any CPU
		{E833AAAF-E375-41B5-B1AF-A16188AED5B0}.Release|iPhoneSimulator.ActiveCfg = Release|Any CPU
		{E833AAAF-E375-41B5-B1AF-A16188AED5B0}.Release|iPhoneSimulator.Build.0 = Release|Any CPU
		{6D5C5D99-69CE-496C-870A-EA2976798BA4}.Ad-Hoc|Any CPU.ActiveCfg = Release|Any CPU
		{6D5C5D99-69CE-496C-870A-EA2976798BA4}.Ad-Hoc|Any CPU.Build.0 = Release|Any CPU
		{6D5C5D99-69CE-496C-870A-EA2976798BA4}.Ad-Hoc|iPhone.ActiveCfg = Release|Any CPU
		{6D5C5D99-69CE-496C-870A-EA2976798BA4}.Ad-Hoc|iPhone.Build.0 = Release|Any CPU
		{6D5C5D99-69CE-496C-870A-EA2976798BA4}.Ad-Hoc|iPhoneSimulator.ActiveCfg = Release|Any CPU
		{6D5C5D99-69CE-496C-870A-EA2976798BA4}.Ad-Hoc|iPhoneSimulator.Build.0 = Release|Any CPU
		{6D5C5D99-69CE-496C-870A-EA2976798BA4}.AppStore|Any CPU.ActiveCfg = Release|Any CPU
		{6D5C5D99-69CE-496C-870A-EA2976798BA4}.AppStore|Any CPU.Build.0 = Release|Any CPU
		{6D5C5D99-69CE-496C-870A-EA2976798BA4}.AppStore|iPhone.ActiveCfg = Release|Any CPU
		{6D5C5D99-69CE-496C-870A-EA2976798BA4}.AppStore|iPhone.Build.0 = Release|Any CPU
		{6D5C5D99-69CE-496C-870A-EA2976798BA4}.AppStore|iPhoneSimulator.ActiveCfg = Release|Any CPU
		{6D5C5D99-69CE-496C-870A-EA2976798BA4}.AppStore|iPhoneSimulator.Build.0 = Release|Any CPU
		{6D5C5D99-69CE-496C-870A-EA2976798BA4}.Debug|Any CPU.ActiveCfg = Debug|Any CPU
		{6D5C5D99-69CE-496C-870A-EA2976798BA4}.Debug|Any CPU.Build.0 = Debug|Any CPU
		{6D5C5D99-69CE-496C-870A-EA2976798BA4}.Debug|iPhone.ActiveCfg = Debug|Any CPU
		{6D5C5D99-69CE-496C-870A-EA2976798BA4}.Debug|iPhone.Build.0 = Debug|Any CPU
		{6D5C5D99-69CE-496C-870A-EA2976798BA4}.Debug|iPhoneSimulator.ActiveCfg = Debug|Any CPU
		{6D5C5D99-69CE-496C-870A-EA2976798BA4}.Debug|iPhoneSimulator.Build.0 = Debug|Any CPU
		{6D5C5D99-69CE-496C-870A-EA2976798BA4}.Release|Any CPU.ActiveCfg = Release|Any CPU
		{6D5C5D99-69CE-496C-870A-EA2976798BA4}.Release|Any CPU.Build.0 = Release|Any CPU
		{6D5C5D99-69CE-496C-870A-EA2976798BA4}.Release|iPhone.ActiveCfg = Release|Any CPU
		{6D5C5D99-69CE-496C-870A-EA2976798BA4}.Release|iPhone.Build.0 = Release|Any CPU
		{6D5C5D99-69CE-496C-870A-EA2976798BA4}.Release|iPhoneSimulator.ActiveCfg = Release|Any CPU
		{6D5C5D99-69CE-496C-870A-EA2976798BA4}.Release|iPhoneSimulator.Build.0 = Release|Any CPU
		{D5D2FB73-2AA0-484B-A65C-D45978D88A5B}.Ad-Hoc|Any CPU.ActiveCfg = Release|Any CPU
		{D5D2FB73-2AA0-484B-A65C-D45978D88A5B}.Ad-Hoc|Any CPU.Build.0 = Release|Any CPU
		{D5D2FB73-2AA0-484B-A65C-D45978D88A5B}.Ad-Hoc|iPhone.ActiveCfg = Release|Any CPU
		{D5D2FB73-2AA0-484B-A65C-D45978D88A5B}.Ad-Hoc|iPhone.Build.0 = Release|Any CPU
		{D5D2FB73-2AA0-484B-A65C-D45978D88A5B}.Ad-Hoc|iPhoneSimulator.ActiveCfg = Release|Any CPU
		{D5D2FB73-2AA0-484B-A65C-D45978D88A5B}.Ad-Hoc|iPhoneSimulator.Build.0 = Release|Any CPU
		{D5D2FB73-2AA0-484B-A65C-D45978D88A5B}.AppStore|Any CPU.ActiveCfg = Release|Any CPU
		{D5D2FB73-2AA0-484B-A65C-D45978D88A5B}.AppStore|Any CPU.Build.0 = Release|Any CPU
		{D5D2FB73-2AA0-484B-A65C-D45978D88A5B}.AppStore|iPhone.ActiveCfg = Release|Any CPU
		{D5D2FB73-2AA0-484B-A65C-D45978D88A5B}.AppStore|iPhone.Build.0 = Release|Any CPU
		{D5D2FB73-2AA0-484B-A65C-D45978D88A5B}.AppStore|iPhoneSimulator.ActiveCfg = Release|Any CPU
		{D5D2FB73-2AA0-484B-A65C-D45978D88A5B}.AppStore|iPhoneSimulator.Build.0 = Release|Any CPU
		{D5D2FB73-2AA0-484B-A65C-D45978D88A5B}.Debug|Any CPU.ActiveCfg = Debug|Any CPU
		{D5D2FB73-2AA0-484B-A65C-D45978D88A5B}.Debug|Any CPU.Build.0 = Debug|Any CPU
		{D5D2FB73-2AA0-484B-A65C-D45978D88A5B}.Debug|iPhone.ActiveCfg = Debug|Any CPU
		{D5D2FB73-2AA0-484B-A65C-D45978D88A5B}.Debug|iPhone.Build.0 = Debug|Any CPU
		{D5D2FB73-2AA0-484B-A65C-D45978D88A5B}.Debug|iPhoneSimulator.ActiveCfg = Debug|Any CPU
		{D5D2FB73-2AA0-484B-A65C-D45978D88A5B}.Debug|iPhoneSimulator.Build.0 = Debug|Any CPU
		{D5D2FB73-2AA0-484B-A65C-D45978D88A5B}.Release|Any CPU.ActiveCfg = Release|Any CPU
		{D5D2FB73-2AA0-484B-A65C-D45978D88A5B}.Release|Any CPU.Build.0 = Release|Any CPU
		{D5D2FB73-2AA0-484B-A65C-D45978D88A5B}.Release|iPhone.ActiveCfg = Release|Any CPU
		{D5D2FB73-2AA0-484B-A65C-D45978D88A5B}.Release|iPhone.Build.0 = Release|Any CPU
		{D5D2FB73-2AA0-484B-A65C-D45978D88A5B}.Release|iPhoneSimulator.ActiveCfg = Release|Any CPU
		{D5D2FB73-2AA0-484B-A65C-D45978D88A5B}.Release|iPhoneSimulator.Build.0 = Release|Any CPU
		{547F7DE0-D711-4B92-BD9A-55A0E1B9085B}.Ad-Hoc|Any CPU.ActiveCfg = Release|Any CPU
		{547F7DE0-D711-4B92-BD9A-55A0E1B9085B}.Ad-Hoc|Any CPU.Build.0 = Release|Any CPU
		{547F7DE0-D711-4B92-BD9A-55A0E1B9085B}.Ad-Hoc|iPhone.ActiveCfg = Release|Any CPU
		{547F7DE0-D711-4B92-BD9A-55A0E1B9085B}.Ad-Hoc|iPhone.Build.0 = Release|Any CPU
		{547F7DE0-D711-4B92-BD9A-55A0E1B9085B}.Ad-Hoc|iPhoneSimulator.ActiveCfg = Release|Any CPU
		{547F7DE0-D711-4B92-BD9A-55A0E1B9085B}.Ad-Hoc|iPhoneSimulator.Build.0 = Release|Any CPU
		{547F7DE0-D711-4B92-BD9A-55A0E1B9085B}.AppStore|Any CPU.ActiveCfg = Release|Any CPU
		{547F7DE0-D711-4B92-BD9A-55A0E1B9085B}.AppStore|Any CPU.Build.0 = Release|Any CPU
		{547F7DE0-D711-4B92-BD9A-55A0E1B9085B}.AppStore|iPhone.ActiveCfg = Release|Any CPU
		{547F7DE0-D711-4B92-BD9A-55A0E1B9085B}.AppStore|iPhone.Build.0 = Release|Any CPU
		{547F7DE0-D711-4B92-BD9A-55A0E1B9085B}.AppStore|iPhoneSimulator.ActiveCfg = Release|Any CPU
		{547F7DE0-D711-4B92-BD9A-55A0E1B9085B}.AppStore|iPhoneSimulator.Build.0 = Release|Any CPU
		{547F7DE0-D711-4B92-BD9A-55A0E1B9085B}.Debug|Any CPU.ActiveCfg = Debug|Any CPU
		{547F7DE0-D711-4B92-BD9A-55A0E1B9085B}.Debug|Any CPU.Build.0 = Debug|Any CPU
		{547F7DE0-D711-4B92-BD9A-55A0E1B9085B}.Debug|iPhone.ActiveCfg = Debug|Any CPU
		{547F7DE0-D711-4B92-BD9A-55A0E1B9085B}.Debug|iPhone.Build.0 = Debug|Any CPU
		{547F7DE0-D711-4B92-BD9A-55A0E1B9085B}.Debug|iPhoneSimulator.ActiveCfg = Debug|Any CPU
		{547F7DE0-D711-4B92-BD9A-55A0E1B9085B}.Debug|iPhoneSimulator.Build.0 = Debug|Any CPU
		{547F7DE0-D711-4B92-BD9A-55A0E1B9085B}.Release|Any CPU.ActiveCfg = Release|Any CPU
		{547F7DE0-D711-4B92-BD9A-55A0E1B9085B}.Release|Any CPU.Build.0 = Release|Any CPU
		{547F7DE0-D711-4B92-BD9A-55A0E1B9085B}.Release|iPhone.ActiveCfg = Release|Any CPU
		{547F7DE0-D711-4B92-BD9A-55A0E1B9085B}.Release|iPhone.Build.0 = Release|Any CPU
		{547F7DE0-D711-4B92-BD9A-55A0E1B9085B}.Release|iPhoneSimulator.ActiveCfg = Release|Any CPU
		{547F7DE0-D711-4B92-BD9A-55A0E1B9085B}.Release|iPhoneSimulator.Build.0 = Release|Any CPU
		{16491307-989D-427A-A18A-004DEBFAF84C}.Ad-Hoc|Any CPU.ActiveCfg = Ad-Hoc|iPhone
		{16491307-989D-427A-A18A-004DEBFAF84C}.Ad-Hoc|iPhone.ActiveCfg = Ad-Hoc|iPhone
		{16491307-989D-427A-A18A-004DEBFAF84C}.Ad-Hoc|iPhone.Build.0 = Ad-Hoc|iPhone
		{16491307-989D-427A-A18A-004DEBFAF84C}.Ad-Hoc|iPhoneSimulator.ActiveCfg = Ad-Hoc|iPhoneSimulator
		{16491307-989D-427A-A18A-004DEBFAF84C}.Ad-Hoc|iPhoneSimulator.Build.0 = Ad-Hoc|iPhoneSimulator
		{16491307-989D-427A-A18A-004DEBFAF84C}.AppStore|Any CPU.ActiveCfg = AppStore|iPhone
		{16491307-989D-427A-A18A-004DEBFAF84C}.AppStore|iPhone.ActiveCfg = AppStore|iPhone
		{16491307-989D-427A-A18A-004DEBFAF84C}.AppStore|iPhone.Build.0 = AppStore|iPhone
		{16491307-989D-427A-A18A-004DEBFAF84C}.AppStore|iPhoneSimulator.ActiveCfg = AppStore|iPhoneSimulator
		{16491307-989D-427A-A18A-004DEBFAF84C}.AppStore|iPhoneSimulator.Build.0 = AppStore|iPhoneSimulator
		{16491307-989D-427A-A18A-004DEBFAF84C}.Debug|Any CPU.ActiveCfg = Debug|iPhone
		{16491307-989D-427A-A18A-004DEBFAF84C}.Debug|Any CPU.Build.0 = Debug|iPhone
		{16491307-989D-427A-A18A-004DEBFAF84C}.Debug|iPhone.ActiveCfg = Debug|iPhone
		{16491307-989D-427A-A18A-004DEBFAF84C}.Debug|iPhone.Build.0 = Debug|iPhone
		{16491307-989D-427A-A18A-004DEBFAF84C}.Debug|iPhoneSimulator.ActiveCfg = Debug|iPhoneSimulator
		{16491307-989D-427A-A18A-004DEBFAF84C}.Debug|iPhoneSimulator.Build.0 = Debug|iPhoneSimulator
		{16491307-989D-427A-A18A-004DEBFAF84C}.Release|Any CPU.ActiveCfg = Release|iPhone
		{16491307-989D-427A-A18A-004DEBFAF84C}.Release|iPhone.ActiveCfg = Release|iPhone
		{16491307-989D-427A-A18A-004DEBFAF84C}.Release|iPhone.Build.0 = Release|iPhone
		{16491307-989D-427A-A18A-004DEBFAF84C}.Release|iPhoneSimulator.ActiveCfg = Release|iPhoneSimulator
		{16491307-989D-427A-A18A-004DEBFAF84C}.Release|iPhoneSimulator.Build.0 = Release|iPhoneSimulator
	EndGlobalSection
	GlobalSection(SolutionProperties) = preSolution
		HideSolutionNode = FALSE
	EndGlobalSection
	GlobalSection(NestedProjects) = preSolution
		{F8F721A1-6770-45A1-B6DD-DAD20A212242} = {13148710-857F-48BD-AE5E-203FFBBD4ACA}
		{4FC5AE43-DE88-40CE-BE44-2D93B537379F} = {13148710-857F-48BD-AE5E-203FFBBD4ACA}
		{0A7DB8F1-BE1D-47D4-A1B6-07D1675DAC42} = {13148710-857F-48BD-AE5E-203FFBBD4ACA}
		{D3CD62C8-91A6-4837-9AC2-2A1D56A86F6A} = {13148710-857F-48BD-AE5E-203FFBBD4ACA}
		{E833AAAF-E375-41B5-B1AF-A16188AED5B0} = {13148710-857F-48BD-AE5E-203FFBBD4ACA}
		{6D5C5D99-69CE-496C-870A-EA2976798BA4} = {13148710-857F-48BD-AE5E-203FFBBD4ACA}
		{D5D2FB73-2AA0-484B-A65C-D45978D88A5B} = {13148710-857F-48BD-AE5E-203FFBBD4ACA}
		{547F7DE0-D711-4B92-BD9A-55A0E1B9085B} = {13148710-857F-48BD-AE5E-203FFBBD4ACA}
		{16491307-989D-427A-A18A-004DEBFAF84C} = {13148710-857F-48BD-AE5E-203FFBBD4ACA}
	EndGlobalSection
	GlobalSection(ExtensibilityGlobals) = postSolution
		SolutionGuid = {16D6ED80-830C-4BE0-871F-03BA6AAF79BF}
	EndGlobalSection
EndGlobal
